// !$*UTF8*$!
{
	archiveVersion = 1;
	classes = {
	};
	objectVersion = 55;
	objects = {

/* Begin PBXBuildFile section */
		4A096A42280413D300C70246 /* Character.swift in Sources */ = {isa = PBXBuildFile; fileRef = 4A096A41280413D300C70246 /* Character.swift */; };
		4AC7302427FFCF7600F7BBDE /* AppDelegate.swift in Sources */ = {isa = PBXBuildFile; fileRef = 4AC7302327FFCF7600F7BBDE /* AppDelegate.swift */; };
		4AC7302627FFCF7600F7BBDE /* SceneDelegate.swift in Sources */ = {isa = PBXBuildFile; fileRef = 4AC7302527FFCF7600F7BBDE /* SceneDelegate.swift */; };
		4AC7302B27FFCF7600F7BBDE /* Main.storyboard in Resources */ = {isa = PBXBuildFile; fileRef = 4AC7302927FFCF7600F7BBDE /* Main.storyboard */; };
		4AC7302D27FFCF7600F7BBDE /* Assets.xcassets in Resources */ = {isa = PBXBuildFile; fileRef = 4AC7302C27FFCF7600F7BBDE /* Assets.xcassets */; };
		4AC7303027FFCF7600F7BBDE /* LaunchScreen.storyboard in Resources */ = {isa = PBXBuildFile; fileRef = 4AC7302E27FFCF7600F7BBDE /* LaunchScreen.storyboard */; };
		4ADE94E628050591008046E5 /* Thumbnail.swift in Sources */ = {isa = PBXBuildFile; fileRef = 4ADE94E528050591008046E5 /* Thumbnail.swift */; };
		4ADE94E928050629008046E5 /* Comic.swift in Sources */ = {isa = PBXBuildFile; fileRef = 4ADE94E828050629008046E5 /* Comic.swift */; };
		4ADE94EB2805064A008046E5 /* ComicBaseData.swift in Sources */ = {isa = PBXBuildFile; fileRef = 4ADE94EA2805064A008046E5 /* ComicBaseData.swift */; };
		4ADE94ED28050663008046E5 /* ComicBookDataSource.swift in Sources */ = {isa = PBXBuildFile; fileRef = 4ADE94EC28050663008046E5 /* ComicBookDataSource.swift */; };
		4ADE94EF28050693008046E5 /* CharacterDataSource.swift in Sources */ = {isa = PBXBuildFile; fileRef = 4ADE94EE28050693008046E5 /* CharacterDataSource.swift */; };
		4ADE94F1280506AF008046E5 /* CharacterBaseData.swift in Sources */ = {isa = PBXBuildFile; fileRef = 4ADE94F0280506AF008046E5 /* CharacterBaseData.swift */; };
		4ADE94F3280506D3008046E5 /* CharacterComics.swift in Sources */ = {isa = PBXBuildFile; fileRef = 4ADE94F2280506D3008046E5 /* CharacterComics.swift */; };
		4ADE94F92805075C008046E5 /* RequestHandler.swift in Sources */ = {isa = PBXBuildFile; fileRef = 4ADE94F82805075C008046E5 /* RequestHandler.swift */; };
		4AE8EE582800162D00CE55CD /* HomeViewController.swift in Sources */ = {isa = PBXBuildFile; fileRef = 4AE8EE572800162D00CE55CD /* HomeViewController.swift */; };
		4AE8EE5A2800164D00CE55CD /* ComicsViewController.swift in Sources */ = {isa = PBXBuildFile; fileRef = 4AE8EE592800164D00CE55CD /* ComicsViewController.swift */; };
		4AE8EE5C2800165A00CE55CD /* HistoryViewController.swift in Sources */ = {isa = PBXBuildFile; fileRef = 4AE8EE5B2800165A00CE55CD /* HistoryViewController.swift */; };
		4AE8EE5E2800166700CE55CD /* FavoriteViewController.swift in Sources */ = {isa = PBXBuildFile; fileRef = 4AE8EE5D2800166700CE55CD /* FavoriteViewController.swift */; };
		4AF9F9F128052911005D3AA4 /* Constants.swift in Sources */ = {isa = PBXBuildFile; fileRef = 4AF9F9F028052911005D3AA4 /* Constants.swift */; };
		4AF9FA00280580F7005D3AA4 /* key.plist in Resources */ = {isa = PBXBuildFile; fileRef = 4AF9F9FF280580F7005D3AA4 /* key.plist */; };
		4AF9FA042805A4E9005D3AA4 /* API.swift in Sources */ = {isa = PBXBuildFile; fileRef = 4AF9FA032805A4E9005D3AA4 /* API.swift */; };
		4AF9FA0A28065DF9005D3AA4 /* String+.swift in Sources */ = {isa = PBXBuildFile; fileRef = 4AF9FA0928065DF9005D3AA4 /* String+.swift */; };
/* End PBXBuildFile section */

/* Begin PBXFileReference section */
		4A096A41280413D300C70246 /* Character.swift */ = {isa = PBXFileReference; lastKnownFileType = sourcecode.swift; path = Character.swift; sourceTree = "<group>"; };
		4AC7302027FFCF7600F7BBDE /* MarvelApp.app */ = {isa = PBXFileReference; explicitFileType = wrapper.application; includeInIndex = 0; path = MarvelApp.app; sourceTree = BUILT_PRODUCTS_DIR; };
		4AC7302327FFCF7600F7BBDE /* AppDelegate.swift */ = {isa = PBXFileReference; lastKnownFileType = sourcecode.swift; path = AppDelegate.swift; sourceTree = "<group>"; };
		4AC7302527FFCF7600F7BBDE /* SceneDelegate.swift */ = {isa = PBXFileReference; lastKnownFileType = sourcecode.swift; path = SceneDelegate.swift; sourceTree = "<group>"; };
		4AC7302A27FFCF7600F7BBDE /* Base */ = {isa = PBXFileReference; lastKnownFileType = file.storyboard; name = Base; path = Base.lproj/Main.storyboard; sourceTree = "<group>"; };
		4AC7302C27FFCF7600F7BBDE /* Assets.xcassets */ = {isa = PBXFileReference; lastKnownFileType = folder.assetcatalog; path = Assets.xcassets; sourceTree = "<group>"; };
		4AC7302F27FFCF7600F7BBDE /* Base */ = {isa = PBXFileReference; lastKnownFileType = file.storyboard; name = Base; path = Base.lproj/LaunchScreen.storyboard; sourceTree = "<group>"; };
		4AC7303127FFCF7600F7BBDE /* Info.plist */ = {isa = PBXFileReference; lastKnownFileType = text.plist.xml; path = Info.plist; sourceTree = "<group>"; };
		4ADE94E528050591008046E5 /* Thumbnail.swift */ = {isa = PBXFileReference; lastKnownFileType = sourcecode.swift; path = Thumbnail.swift; sourceTree = "<group>"; };
		4ADE94E828050629008046E5 /* Comic.swift */ = {isa = PBXFileReference; lastKnownFileType = sourcecode.swift; path = Comic.swift; sourceTree = "<group>"; };
		4ADE94EA2805064A008046E5 /* ComicBaseData.swift */ = {isa = PBXFileReference; lastKnownFileType = sourcecode.swift; path = ComicBaseData.swift; sourceTree = "<group>"; };
		4ADE94EC28050663008046E5 /* ComicBookDataSource.swift */ = {isa = PBXFileReference; lastKnownFileType = sourcecode.swift; path = ComicBookDataSource.swift; sourceTree = "<group>"; };
		4ADE94EE28050693008046E5 /* CharacterDataSource.swift */ = {isa = PBXFileReference; lastKnownFileType = sourcecode.swift; path = CharacterDataSource.swift; sourceTree = "<group>"; };
		4ADE94F0280506AF008046E5 /* CharacterBaseData.swift */ = {isa = PBXFileReference; lastKnownFileType = sourcecode.swift; path = CharacterBaseData.swift; sourceTree = "<group>"; };
		4ADE94F2280506D3008046E5 /* CharacterComics.swift */ = {isa = PBXFileReference; lastKnownFileType = sourcecode.swift; path = CharacterComics.swift; sourceTree = "<group>"; };
		4ADE94F82805075C008046E5 /* RequestHandler.swift */ = {isa = PBXFileReference; lastKnownFileType = sourcecode.swift; path = RequestHandler.swift; sourceTree = "<group>"; };
		4AE8EE572800162D00CE55CD /* HomeViewController.swift */ = {isa = PBXFileReference; lastKnownFileType = sourcecode.swift; path = HomeViewController.swift; sourceTree = "<group>"; };
		4AE8EE592800164D00CE55CD /* ComicsViewController.swift */ = {isa = PBXFileReference; lastKnownFileType = sourcecode.swift; path = ComicsViewController.swift; sourceTree = "<group>"; };
		4AE8EE5B2800165A00CE55CD /* HistoryViewController.swift */ = {isa = PBXFileReference; lastKnownFileType = sourcecode.swift; path = HistoryViewController.swift; sourceTree = "<group>"; };
		4AE8EE5D2800166700CE55CD /* FavoriteViewController.swift */ = {isa = PBXFileReference; lastKnownFileType = sourcecode.swift; path = FavoriteViewController.swift; sourceTree = "<group>"; };
		4AF9F9F028052911005D3AA4 /* Constants.swift */ = {isa = PBXFileReference; lastKnownFileType = sourcecode.swift; path = Constants.swift; sourceTree = "<group>"; };
		4AF9F9FF280580F7005D3AA4 /* key.plist */ = {isa = PBXFileReference; lastKnownFileType = text.plist.xml; path = key.plist; sourceTree = "<group>"; };
		4AF9FA032805A4E9005D3AA4 /* API.swift */ = {isa = PBXFileReference; lastKnownFileType = sourcecode.swift; path = API.swift; sourceTree = "<group>"; };
		4AF9FA0928065DF9005D3AA4 /* String+.swift */ = {isa = PBXFileReference; lastKnownFileType = sourcecode.swift; path = "String+.swift"; sourceTree = "<group>"; };
/* End PBXFileReference section */

/* Begin PBXFrameworksBuildPhase section */
		4AC7301D27FFCF7600F7BBDE /* Frameworks */ = {
			isa = PBXFrameworksBuildPhase;
			buildActionMask = 2147483647;
			files = (
			);
			runOnlyForDeploymentPostprocessing = 0;
		};
/* End PBXFrameworksBuildPhase section */

/* Begin PBXGroup section */
		4A096A402804131E00C70246 /* Networking */ = {
			isa = PBXGroup;
			children = (
				4ADE94F82805075C008046E5 /* RequestHandler.swift */,
				4AF9FA032805A4E9005D3AA4 /* API.swift */,
			);
			path = Networking;
			sourceTree = "<group>";
		};
		4AC7301727FFCF7600F7BBDE = {
			isa = PBXGroup;
			children = (
				4AC7302227FFCF7600F7BBDE /* MarvelApp */,
				4AC7302127FFCF7600F7BBDE /* Products */,
			);
			sourceTree = "<group>";
		};
		4AC7302127FFCF7600F7BBDE /* Products */ = {
			isa = PBXGroup;
			children = (
				4AC7302027FFCF7600F7BBDE /* MarvelApp.app */,
			);
			name = Products;
			sourceTree = "<group>";
		};
		4AC7302227FFCF7600F7BBDE /* MarvelApp */ = {
			isa = PBXGroup;
			children = (
				4AF9FA0828065DC9005D3AA4 /* Extensions */,
				4ADE94FA28050779008046E5 /* Constants */,
				4A096A402804131E00C70246 /* Networking */,
				4AE8EE5627FFF66E00CE55CD /* Suports */,
				4AE8EE5527FFF66100CE55CD /* Delegates */,
				4AE8EE5427FFF65900CE55CD /* Controllers */,
				4AE8EE5327FFF65400CE55CD /* Views */,
				4AE8EE5227FFF64C00CE55CD /* Models */,
				4AC7303127FFCF7600F7BBDE /* Info.plist */,
				4AF9F9FF280580F7005D3AA4 /* key.plist */,
			);
			path = MarvelApp;
			sourceTree = "<group>";
		};
		4ADE94E128050524008046E5 /* CharaterModels */ = {
			isa = PBXGroup;
			children = (
				4A096A41280413D300C70246 /* Character.swift */,
				4ADE94EE28050693008046E5 /* CharacterDataSource.swift */,
				4ADE94F0280506AF008046E5 /* CharacterBaseData.swift */,
				4ADE94F2280506D3008046E5 /* CharacterComics.swift */,
			);
			path = CharaterModels;
			sourceTree = "<group>";
		};
		4ADE94E428050578008046E5 /* ReableModels */ = {
			isa = PBXGroup;
			children = (
				4ADE94E528050591008046E5 /* Thumbnail.swift */,
			);
			path = ReableModels;
			sourceTree = "<group>";
		};
		4ADE94E728050619008046E5 /* ComicModels */ = {
			isa = PBXGroup;
			children = (
				4ADE94E828050629008046E5 /* Comic.swift */,
				4ADE94EA2805064A008046E5 /* ComicBaseData.swift */,
				4ADE94EC28050663008046E5 /* ComicBookDataSource.swift */,
			);
			path = ComicModels;
			sourceTree = "<group>";
		};
		4ADE94FA28050779008046E5 /* Constants */ = {
			isa = PBXGroup;
			children = (
				4AF9F9F028052911005D3AA4 /* Constants.swift */,
			);
			path = Constants;
			sourceTree = "<group>";
		};
		4AE8EE5227FFF64C00CE55CD /* Models */ = {
			isa = PBXGroup;
			children = (
				4ADE94E728050619008046E5 /* ComicModels */,
				4ADE94E428050578008046E5 /* ReableModels */,
				4ADE94E128050524008046E5 /* CharaterModels */,
			);
			path = Models;
			sourceTree = "<group>";
		};
		4AE8EE5327FFF65400CE55CD /* Views */ = {
			isa = PBXGroup;
			children = (
				4AC7302927FFCF7600F7BBDE /* Main.storyboard */,
				4AC7302E27FFCF7600F7BBDE /* LaunchScreen.storyboard */,
			);
			path = Views;
			sourceTree = "<group>";
		};
		4AE8EE5427FFF65900CE55CD /* Controllers */ = {
			isa = PBXGroup;
			children = (
				4AE8EE572800162D00CE55CD /* HomeViewController.swift */,
				4AE8EE592800164D00CE55CD /* ComicsViewController.swift */,
				4AE8EE5B2800165A00CE55CD /* HistoryViewController.swift */,
				4AE8EE5D2800166700CE55CD /* FavoriteViewController.swift */,
			);
			path = Controllers;
			sourceTree = "<group>";
		};
		4AE8EE5527FFF66100CE55CD /* Delegates */ = {
			isa = PBXGroup;
			children = (
				4AC7302327FFCF7600F7BBDE /* AppDelegate.swift */,
				4AC7302527FFCF7600F7BBDE /* SceneDelegate.swift */,
			);
			path = Delegates;
			sourceTree = "<group>";
		};
		4AE8EE5627FFF66E00CE55CD /* Suports */ = {
			isa = PBXGroup;
			children = (
				4AC7302C27FFCF7600F7BBDE /* Assets.xcassets */,
			);
			path = Suports;
			sourceTree = "<group>";
		};
		4AF9FA0828065DC9005D3AA4 /* Extensions */ = {
			isa = PBXGroup;
			children = (
				4AF9FA0928065DF9005D3AA4 /* String+.swift */,
			);
			path = Extensions;
			sourceTree = "<group>";
		};
/* End PBXGroup section */

/* Begin PBXNativeTarget section */
		4AC7301F27FFCF7600F7BBDE /* MarvelApp */ = {
			isa = PBXNativeTarget;
			buildConfigurationList = 4AC7303427FFCF7600F7BBDE /* Build configuration list for PBXNativeTarget "MarvelApp" */;
			buildPhases = (
				4AF9F9F428052FBD005D3AA4 /* Run Swiftlint */,
				4AC7301C27FFCF7600F7BBDE /* Sources */,
				4AC7301D27FFCF7600F7BBDE /* Frameworks */,
				4AC7301E27FFCF7600F7BBDE /* Resources */,
			);
			buildRules = (
			);
			dependencies = (
			);
			name = MarvelApp;
			productName = MarvelApp;
			productReference = 4AC7302027FFCF7600F7BBDE /* MarvelApp.app */;
			productType = "com.apple.product-type.application";
		};
/* End PBXNativeTarget section */

/* Begin PBXProject section */
		4AC7301827FFCF7600F7BBDE /* Project object */ = {
			isa = PBXProject;
			attributes = {
				BuildIndependentTargetsInParallel = 1;
				LastSwiftUpdateCheck = 1330;
				LastUpgradeCheck = 1330;
				TargetAttributes = {
					4AC7301F27FFCF7600F7BBDE = {
						CreatedOnToolsVersion = 13.3;
					};
				};
			};
			buildConfigurationList = 4AC7301B27FFCF7600F7BBDE /* Build configuration list for PBXProject "MarvelApp" */;
			compatibilityVersion = "Xcode 13.0";
			developmentRegion = en;
			hasScannedForEncodings = 0;
			knownRegions = (
				en,
				Base,
			);
			mainGroup = 4AC7301727FFCF7600F7BBDE;
			productRefGroup = 4AC7302127FFCF7600F7BBDE /* Products */;
			projectDirPath = "";
			projectRoot = "";
			targets = (
				4AC7301F27FFCF7600F7BBDE /* MarvelApp */,
			);
		};
/* End PBXProject section */

/* Begin PBXResourcesBuildPhase section */
		4AC7301E27FFCF7600F7BBDE /* Resources */ = {
			isa = PBXResourcesBuildPhase;
			buildActionMask = 2147483647;
			files = (
				4AF9FA00280580F7005D3AA4 /* key.plist in Resources */,
				4AC7303027FFCF7600F7BBDE /* LaunchScreen.storyboard in Resources */,
				4AC7302D27FFCF7600F7BBDE /* Assets.xcassets in Resources */,
				4AC7302B27FFCF7600F7BBDE /* Main.storyboard in Resources */,
			);
			runOnlyForDeploymentPostprocessing = 0;
		};
/* End PBXResourcesBuildPhase section */

/* Begin PBXShellScriptBuildPhase section */
		4AF9F9F428052FBD005D3AA4 /* Run Swiftlint */ = {
			isa = PBXShellScriptBuildPhase;
			buildActionMask = 2147483647;
			files = (
			);
			inputFileListPaths = (
			);
			inputPaths = (
			);
			name = "Run Swiftlint";
			outputFileListPaths = (
			);
			outputPaths = (
			);
			runOnlyForDeploymentPostprocessing = 0;
			shellPath = /bin/sh;
			shellScript = "export PATH=\"$PATH:/opt/homebrew/bin\"\nif which swiftlint > /dev/null; then\n  swiftlint\nelse\n  echo \"warning: SwiftLint not installed, download from https://github.com/realm/SwiftLint\"\nfi\n";
		};
/* End PBXShellScriptBuildPhase section */

/* Begin PBXSourcesBuildPhase section */
		4AC7301C27FFCF7600F7BBDE /* Sources */ = {
			isa = PBXSourcesBuildPhase;
			buildActionMask = 2147483647;
			files = (
				4ADE94EB2805064A008046E5 /* ComicBaseData.swift in Sources */,
				4AF9FA042805A4E9005D3AA4 /* API.swift in Sources */,
				4AF9F9F128052911005D3AA4 /* Constants.swift in Sources */,
				4AC7302427FFCF7600F7BBDE /* AppDelegate.swift in Sources */,
				4AC7302627FFCF7600F7BBDE /* SceneDelegate.swift in Sources */,
				4ADE94F3280506D3008046E5 /* CharacterComics.swift in Sources */,
				4A096A42280413D300C70246 /* Character.swift in Sources */,
				4AE8EE5A2800164D00CE55CD /* ComicsViewController.swift in Sources */,
				4ADE94F92805075C008046E5 /* RequestHandler.swift in Sources */,
				4AE8EE5C2800165A00CE55CD /* HistoryViewController.swift in Sources */,
				4AF9FA0A28065DF9005D3AA4 /* String+.swift in Sources */,
				4ADE94E628050591008046E5 /* Thumbnail.swift in Sources */,
				4AE8EE5E2800166700CE55CD /* FavoriteViewController.swift in Sources */,
				4ADE94EF28050693008046E5 /* CharacterDataSource.swift in Sources */,
				4ADE94E928050629008046E5 /* Comic.swift in Sources */,
				4ADE94F1280506AF008046E5 /* CharacterBaseData.swift in Sources */,
				4AE8EE582800162D00CE55CD /* HomeViewController.swift in Sources */,
				4ADE94ED28050663008046E5 /* ComicBookDataSource.swift in Sources */,
			);
			runOnlyForDeploymentPostprocessing = 0;
		};
/* End PBXSourcesBuildPhase section */

/* Begin PBXVariantGroup section */
		4AC7302927FFCF7600F7BBDE /* Main.storyboard */ = {
			isa = PBXVariantGroup;
			children = (
				4AC7302A27FFCF7600F7BBDE /* Base */,
			);
			name = Main.storyboard;
			sourceTree = "<group>";
		};
		4AC7302E27FFCF7600F7BBDE /* LaunchScreen.storyboard */ = {
			isa = PBXVariantGroup;
			children = (
				4AC7302F27FFCF7600F7BBDE /* Base */,
			);
			name = LaunchScreen.storyboard;
			sourceTree = "<group>";
		};
/* End PBXVariantGroup section */

/* Begin XCBuildConfiguration section */
		4AC7303227FFCF7600F7BBDE /* Debug */ = {
			isa = XCBuildConfiguration;
			buildSettings = {
				ALWAYS_SEARCH_USER_PATHS = NO;
				CLANG_ANALYZER_NONNULL = YES;
				CLANG_ANALYZER_NUMBER_OBJECT_CONVERSION = YES_AGGRESSIVE;
				CLANG_CXX_LANGUAGE_STANDARD = "gnu++17";
				CLANG_ENABLE_MODULES = YES;
				CLANG_ENABLE_OBJC_ARC = YES;
				CLANG_ENABLE_OBJC_WEAK = YES;
				CLANG_WARN_BLOCK_CAPTURE_AUTORELEASING = YES;
				CLANG_WARN_BOOL_CONVERSION = YES;
				CLANG_WARN_COMMA = YES;
				CLANG_WARN_CONSTANT_CONVERSION = YES;
				CLANG_WARN_DEPRECATED_OBJC_IMPLEMENTATIONS = YES;
				CLANG_WARN_DIRECT_OBJC_ISA_USAGE = YES_ERROR;
				CLANG_WARN_DOCUMENTATION_COMMENTS = YES;
				CLANG_WARN_EMPTY_BODY = YES;
				CLANG_WARN_ENUM_CONVERSION = YES;
				CLANG_WARN_INFINITE_RECURSION = YES;
				CLANG_WARN_INT_CONVERSION = YES;
				CLANG_WARN_NON_LITERAL_NULL_CONVERSION = YES;
				CLANG_WARN_OBJC_IMPLICIT_RETAIN_SELF = YES;
				CLANG_WARN_OBJC_LITERAL_CONVERSION = YES;
				CLANG_WARN_OBJC_ROOT_CLASS = YES_ERROR;
				CLANG_WARN_QUOTED_INCLUDE_IN_FRAMEWORK_HEADER = YES;
				CLANG_WARN_RANGE_LOOP_ANALYSIS = YES;
				CLANG_WARN_STRICT_PROTOTYPES = YES;
				CLANG_WARN_SUSPICIOUS_MOVE = YES;
				CLANG_WARN_UNGUARDED_AVAILABILITY = YES_AGGRESSIVE;
				CLANG_WARN_UNREACHABLE_CODE = YES;
				CLANG_WARN__DUPLICATE_METHOD_MATCH = YES;
				COPY_PHASE_STRIP = NO;
				DEBUG_INFORMATION_FORMAT = dwarf;
				ENABLE_STRICT_OBJC_MSGSEND = YES;
				ENABLE_TESTABILITY = YES;
				GCC_C_LANGUAGE_STANDARD = gnu11;
				GCC_DYNAMIC_NO_PIC = NO;
				GCC_NO_COMMON_BLOCKS = YES;
				GCC_OPTIMIZATION_LEVEL = 0;
				GCC_PREPROCESSOR_DEFINITIONS = (
					"DEBUG=1",
					"$(inherited)",
				);
				GCC_WARN_64_TO_32_BIT_CONVERSION = YES;
				GCC_WARN_ABOUT_RETURN_TYPE = YES_ERROR;
				GCC_WARN_UNDECLARED_SELECTOR = YES;
				GCC_WARN_UNINITIALIZED_AUTOS = YES_AGGRESSIVE;
				GCC_WARN_UNUSED_FUNCTION = YES;
				GCC_WARN_UNUSED_VARIABLE = YES;
				IPHONEOS_DEPLOYMENT_TARGET = 15.4;
				MTL_ENABLE_DEBUG_INFO = INCLUDE_SOURCE;
				MTL_FAST_MATH = YES;
				ONLY_ACTIVE_ARCH = YES;
				SDKROOT = iphoneos;
				SWIFT_ACTIVE_COMPILATION_CONDITIONS = DEBUG;
				SWIFT_OPTIMIZATION_LEVEL = "-Onone";
			};
			name = Debug;
		};
		4AC7303327FFCF7600F7BBDE /* Release */ = {
			isa = XCBuildConfiguration;
			buildSettings = {
				ALWAYS_SEARCH_USER_PATHS = NO;
				CLANG_ANALYZER_NONNULL = YES;
				CLANG_ANALYZER_NUMBER_OBJECT_CONVERSION = YES_AGGRESSIVE;
				CLANG_CXX_LANGUAGE_STANDARD = "gnu++17";
				CLANG_ENABLE_MODULES = YES;
				CLANG_ENABLE_OBJC_ARC = YES;
				CLANG_ENABLE_OBJC_WEAK = YES;
				CLANG_WARN_BLOCK_CAPTURE_AUTORELEASING = YES;
				CLANG_WARN_BOOL_CONVERSION = YES;
				CLANG_WARN_COMMA = YES;
				CLANG_WARN_CONSTANT_CONVERSION = YES;
				CLANG_WARN_DEPRECATED_OBJC_IMPLEMENTATIONS = YES;
				CLANG_WARN_DIRECT_OBJC_ISA_USAGE = YES_ERROR;
				CLANG_WARN_DOCUMENTATION_COMMENTS = YES;
				CLANG_WARN_EMPTY_BODY = YES;
				CLANG_WARN_ENUM_CONVERSION = YES;
				CLANG_WARN_INFINITE_RECURSION = YES;
				CLANG_WARN_INT_CONVERSION = YES;
				CLANG_WARN_NON_LITERAL_NULL_CONVERSION = YES;
				CLANG_WARN_OBJC_IMPLICIT_RETAIN_SELF = YES;
				CLANG_WARN_OBJC_LITERAL_CONVERSION = YES;
				CLANG_WARN_OBJC_ROOT_CLASS = YES_ERROR;
				CLANG_WARN_QUOTED_INCLUDE_IN_FRAMEWORK_HEADER = YES;
				CLANG_WARN_RANGE_LOOP_ANALYSIS = YES;
				CLANG_WARN_STRICT_PROTOTYPES = YES;
				CLANG_WARN_SUSPICIOUS_MOVE = YES;
				CLANG_WARN_UNGUARDED_AVAILABILITY = YES_AGGRESSIVE;
				CLANG_WARN_UNREACHABLE_CODE = YES;
				CLANG_WARN__DUPLICATE_METHOD_MATCH = YES;
				COPY_PHASE_STRIP = NO;
				DEBUG_INFORMATION_FORMAT = "dwarf-with-dsym";
				ENABLE_NS_ASSERTIONS = NO;
				ENABLE_STRICT_OBJC_MSGSEND = YES;
				GCC_C_LANGUAGE_STANDARD = gnu11;
				GCC_NO_COMMON_BLOCKS = YES;
				GCC_WARN_64_TO_32_BIT_CONVERSION = YES;
				GCC_WARN_ABOUT_RETURN_TYPE = YES_ERROR;
				GCC_WARN_UNDECLARED_SELECTOR = YES;
				GCC_WARN_UNINITIALIZED_AUTOS = YES_AGGRESSIVE;
				GCC_WARN_UNUSED_FUNCTION = YES;
				GCC_WARN_UNUSED_VARIABLE = YES;
				IPHONEOS_DEPLOYMENT_TARGET = 15.4;
				MTL_ENABLE_DEBUG_INFO = NO;
				MTL_FAST_MATH = YES;
				SDKROOT = iphoneos;
				SWIFT_COMPILATION_MODE = wholemodule;
				SWIFT_OPTIMIZATION_LEVEL = "-O";
				VALIDATE_PRODUCT = YES;
			};
			name = Release;
		};
		4AC7303527FFCF7600F7BBDE /* Debug */ = {
			isa = XCBuildConfiguration;
			buildSettings = {
				ASSETCATALOG_COMPILER_APPICON_NAME = AppIcon;
				ASSETCATALOG_COMPILER_GLOBAL_ACCENT_COLOR_NAME = AccentColor;
				CODE_SIGN_STYLE = Automatic;
				CURRENT_PROJECT_VERSION = 1;
				GENERATE_INFOPLIST_FILE = YES;
				INFOPLIST_FILE = MarvelApp/Info.plist;
				INFOPLIST_KEY_UIApplicationSupportsIndirectInputEvents = YES;
				INFOPLIST_KEY_UILaunchStoryboardName = LaunchScreen;
				INFOPLIST_KEY_UIMainStoryboardFile = Main;
				INFOPLIST_KEY_UISupportedInterfaceOrientations_iPad = "UIInterfaceOrientationPortrait UIInterfaceOrientationPortraitUpsideDown UIInterfaceOrientationLandscapeLeft UIInterfaceOrientationLandscapeRight";
				INFOPLIST_KEY_UISupportedInterfaceOrientations_iPhone = "UIInterfaceOrientationPortrait UIInterfaceOrientationLandscapeLeft UIInterfaceOrientationLandscapeRight";
				LD_RUNPATH_SEARCH_PATHS = (
					"$(inherited)",
					"@executable_path/Frameworks",
				);
				MARKETING_VERSION = 1.0;
				PRODUCT_BUNDLE_IDENTIFIER = com.ltd.MarvelApp;
				PRODUCT_NAME = "$(TARGET_NAME)";
				SWIFT_EMIT_LOC_STRINGS = YES;
				SWIFT_VERSION = 5.0;
				TARGETED_DEVICE_FAMILY = "1,2";
			};
			name = Debug;
		};
		4AC7303627FFCF7600F7BBDE /* Release */ = {
			isa = XCBuildConfiguration;
			buildSettings = {
				ASSETCATALOG_COMPILER_APPICON_NAME = AppIcon;
				ASSETCATALOG_COMPILER_GLOBAL_ACCENT_COLOR_NAME = AccentColor;
				CODE_SIGN_STYLE = Automatic;
				CURRENT_PROJECT_VERSION = 1;
				GENERATE_INFOPLIST_FILE = YES;
				INFOPLIST_FILE = MarvelApp/Info.plist;
				INFOPLIST_KEY_UIApplicationSupportsIndirectInputEvents = YES;
				INFOPLIST_KEY_UILaunchStoryboardName = LaunchScreen;
				INFOPLIST_KEY_UIMainStoryboardFile = Main;
				INFOPLIST_KEY_UISupportedInterfaceOrientations_iPad = "UIInterfaceOrientationPortrait UIInterfaceOrientationPortraitUpsideDown UIInterfaceOrientationLandscapeLeft UIInterfaceOrientationLandscapeRight";
				INFOPLIST_KEY_UISupportedInterfaceOrientations_iPhone = "UIInterfaceOrientationPortrait UIInterfaceOrientationLandscapeLeft UIInterfaceOrientationLandscapeRight";
				LD_RUNPATH_SEARCH_PATHS = (
					"$(inherited)",
					"@executable_path/Frameworks",
				);
				MARKETING_VERSION = 1.0;
				PRODUCT_BUNDLE_IDENTIFIER = com.ltd.MarvelApp;
				PRODUCT_NAME = "$(TARGET_NAME)";
				SWIFT_EMIT_LOC_STRINGS = YES;
				SWIFT_VERSION = 5.0;
				TARGETED_DEVICE_FAMILY = "1,2";
			};
			name = Release;
		};
/* End XCBuildConfiguration section */

/* Begin XCConfigurationList section */
		4AC7301B27FFCF7600F7BBDE /* Build configuration list for PBXProject "MarvelApp" */ = {
			isa = XCConfigurationList;
			buildConfigurations = (
				4AC7303227FFCF7600F7BBDE /* Debug */,
				4AC7303327FFCF7600F7BBDE /* Release */,
			);
			defaultConfigurationIsVisible = 0;
			defaultConfigurationName = Release;
		};
		4AC7303427FFCF7600F7BBDE /* Build configuration list for PBXNativeTarget "MarvelApp" */ = {
			isa = XCConfigurationList;
			buildConfigurations = (
				4AC7303527FFCF7600F7BBDE /* Debug */,
				4AC7303627FFCF7600F7BBDE /* Release */,
			);
			defaultConfigurationIsVisible = 0;
			defaultConfigurationName = Release;
		};
/* End XCConfigurationList section */
	};
	rootObject = 4AC7301827FFCF7600F7BBDE /* Project object */;
}
